
Microsoft Visual Studio Solution File, Format Version 12.00
# Visual Studio 15
VisualStudioVersion = 15.0.26124.0
MinimumVisualStudioVersion = 15.0.26124.0
Project("{FAE04EC0-301F-11D3-BF4B-00C04F79EFBC}") = "Padisso", "Padisso\Padisso.csproj", "{12805DBE-B51E-4364-8771-F0D98E86B4F3}"
EndProject
Project("{2150E333-8FDC-42A3-9474-1A3956D46DE8}") = "Lambdas", "Lambdas", "{F6B1647C-7349-B0FF-4920-3CCD5A62CE69}"
EndProject
Project("{FAE04EC0-301F-11D3-BF4B-00C04F79EFBC}") = "DefineAuthChallenge", "Lambdas\DefineAuthChallenge\DefineAuthChallenge.csproj", "{33C3AC11-D058-4953-B7CF-D8A3B13DA895}"
EndProject
Project("{FAE04EC0-301F-11D3-BF4B-00C04F79EFBC}") = "CreateAuthChallenge", "Lambdas\CreateAuthChallenge\CreateAuthChallenge.csproj", "{7BC1A140-9FA7-444F-81B4-398EDB5C6B8F}"
EndProject
Project("{FAE04EC0-301F-11D3-BF4B-00C04F79EFBC}") = "VerifyAuthChallenge", "Lambdas\VerifyAuthChallenge\VerifyAuthChallenge.csproj", "{85EBB962-EB6D-4F4D-B426-EEE384DA2304}"
EndProject
Project("{FAE04EC0-301F-11D3-BF4B-00C04F79EFBC}") = "RequestMagicLink", "Lambdas\RequestMagicLink\RequestMagicLink.csproj", "{EAFE21AC-D8CE-4A3E-A799-E35683C0CFAA}"
EndProject
Project("{FAE04EC0-301F-11D3-BF4B-00C04F79EFBC}") = "VerifyMagicLink", "Lambdas\VerifyMagicLink\VerifyMagicLink.csproj", "{68B01984-B447-47FD-8DC5-5F12EA361309}"
EndProject
Project("{FAE04EC0-301F-11D3-BF4B-00C04F79EFBC}") = "PostAuthentication", "Lambdas\PostAuthentication\PostAuthentication.csproj", "{98C1E58E-5DF5-43DC-9618-0B8C94FCF4B1}"
EndProject
Project("{FAE04EC0-301F-11D3-BF4B-00C04F79EFBC}") = "CustomEmailSender", "Lambdas\CustomEmailSender\CustomEmailSender.csproj", "{1415A986-E780-4A71-A536-FEC1D083E0CC}"
EndProject
Project("{FAE04EC0-301F-11D3-BF4B-00C04F79EFBC}") = "Domain", "Domain\Domain.csproj", "{0021D734-3A5D-420B-A0C6-F9F4F6910908}"
EndProject
Project("{FAE04EC0-301F-11D3-BF4B-00C04F79EFBC}") = "Application", "Application\Application.csproj", "{285B5D82-2CA6-46DB-A5F3-F5B2757DC7C4}"
EndProject
Project("{2150E333-8FDC-42A3-9474-1A3956D46DE8}") = "Infrastructure", "Infrastructure", "{DFEE68D8-A7D0-1A41-506C-9B74AA9A7B7B}"
EndProject
Project("{FAE04EC0-301F-11D3-BF4B-00C04F79EFBC}") = "Cognito", "Infrastructure\Cognito\Cognito.csproj", "{4FEE3DFB-AF8D-410B-BC5B-75D3265CD933}"
EndProject
Project("{FAE04EC0-301F-11D3-BF4B-00C04F79EFBC}") = "Configuration", "Infrastructure\Configuration\Configuration.csproj", "{B2952122-9F34-4819-9936-0F4C72C5DE63}"
EndProject
Project("{FAE04EC0-301F-11D3-BF4B-00C04F79EFBC}") = "DynamoDb", "Infrastructure\DynamoDb\DynamoDb.csproj", "{DB6CB54D-AA28-4F45-A479-2756FA9D5555}"
EndProject
Project("{FAE04EC0-301F-11D3-BF4B-00C04F79EFBC}") = "Kms", "Infrastructure\Kms\Kms.csproj", "{19FA0AB9-D936-449E-9BA5-3ED4FCC8C225}"
EndProject
Project("{FAE04EC0-301F-11D3-BF4B-00C04F79EFBC}") = "Messaging", "Infrastructure\Messaging\Messaging.csproj", "{4A480723-E8EE-4FA4-AC94-29E4E75BB96B}"
EndProject
Project("{FAE04EC0-301F-11D3-BF4B-00C04F79EFBC}") = "Notifications", "Infrastructure\Notifications\Notifications.csproj", "{9F8A1BF0-3EDC-49FB-96AD-5FD8183D66D4}"
EndProject
Project("{FAE04EC0-301F-11D3-BF4B-00C04F79EFBC}") = "Core", "Infrastructure\Core\Core.csproj", "{668E2F2F-64B1-4219-90E9-601CFD104D8C}"
EndProject
Global
	GlobalSection(SolutionConfigurationPlatforms) = preSolution
		Debug|Any CPU = Debug|Any CPU
		Debug|x64 = Debug|x64
		Debug|x86 = Debug|x86
		Release|Any CPU = Release|Any CPU
		Release|x64 = Release|x64
		Release|x86 = Release|x86
	EndGlobalSection
	GlobalSection(ProjectConfigurationPlatforms) = postSolution
		{12805DBE-B51E-4364-8771-F0D98E86B4F3}.Debug|Any CPU.ActiveCfg = Debug|Any CPU
		{12805DBE-B51E-4364-8771-F0D98E86B4F3}.Debug|Any CPU.Build.0 = Debug|Any CPU
		{12805DBE-B51E-4364-8771-F0D98E86B4F3}.Debug|x64.ActiveCfg = Debug|Any CPU
		{12805DBE-B51E-4364-8771-F0D98E86B4F3}.Debug|x64.Build.0 = Debug|Any CPU
		{12805DBE-B51E-4364-8771-F0D98E86B4F3}.Debug|x86.ActiveCfg = Debug|Any CPU
		{12805DBE-B51E-4364-8771-F0D98E86B4F3}.Debug|x86.Build.0 = Debug|Any CPU
		{12805DBE-B51E-4364-8771-F0D98E86B4F3}.Release|Any CPU.ActiveCfg = Release|Any CPU
		{12805DBE-B51E-4364-8771-F0D98E86B4F3}.Release|Any CPU.Build.0 = Release|Any CPU
		{12805DBE-B51E-4364-8771-F0D98E86B4F3}.Release|x64.ActiveCfg = Release|Any CPU
		{12805DBE-B51E-4364-8771-F0D98E86B4F3}.Release|x64.Build.0 = Release|Any CPU
		{12805DBE-B51E-4364-8771-F0D98E86B4F3}.Release|x86.ActiveCfg = Release|Any CPU
		{12805DBE-B51E-4364-8771-F0D98E86B4F3}.Release|x86.Build.0 = Release|Any CPU
		{33C3AC11-D058-4953-B7CF-D8A3B13DA895}.Debug|Any CPU.ActiveCfg = Debug|Any CPU
		{33C3AC11-D058-4953-B7CF-D8A3B13DA895}.Debug|Any CPU.Build.0 = Debug|Any CPU
		{33C3AC11-D058-4953-B7CF-D8A3B13DA895}.Debug|x64.ActiveCfg = Debug|Any CPU
		{33C3AC11-D058-4953-B7CF-D8A3B13DA895}.Debug|x64.Build.0 = Debug|Any CPU
		{33C3AC11-D058-4953-B7CF-D8A3B13DA895}.Debug|x86.ActiveCfg = Debug|Any CPU
		{33C3AC11-D058-4953-B7CF-D8A3B13DA895}.Debug|x86.Build.0 = Debug|Any CPU
		{33C3AC11-D058-4953-B7CF-D8A3B13DA895}.Release|Any CPU.ActiveCfg = Release|Any CPU
		{33C3AC11-D058-4953-B7CF-D8A3B13DA895}.Release|Any CPU.Build.0 = Release|Any CPU
		{33C3AC11-D058-4953-B7CF-D8A3B13DA895}.Release|x64.ActiveCfg = Release|Any CPU
		{33C3AC11-D058-4953-B7CF-D8A3B13DA895}.Release|x64.Build.0 = Release|Any CPU
		{33C3AC11-D058-4953-B7CF-D8A3B13DA895}.Release|x86.ActiveCfg = Release|Any CPU
		{33C3AC11-D058-4953-B7CF-D8A3B13DA895}.Release|x86.Build.0 = Release|Any CPU
		{7BC1A140-9FA7-444F-81B4-398EDB5C6B8F}.Debug|Any CPU.ActiveCfg = Debug|Any CPU
		{7BC1A140-9FA7-444F-81B4-398EDB5C6B8F}.Debug|Any CPU.Build.0 = Debug|Any CPU
		{7BC1A140-9FA7-444F-81B4-398EDB5C6B8F}.Debug|x64.ActiveCfg = Debug|Any CPU
		{7BC1A140-9FA7-444F-81B4-398EDB5C6B8F}.Debug|x64.Build.0 = Debug|Any CPU
		{7BC1A140-9FA7-444F-81B4-398EDB5C6B8F}.Debug|x86.ActiveCfg = Debug|Any CPU
		{7BC1A140-9FA7-444F-81B4-398EDB5C6B8F}.Debug|x86.Build.0 = Debug|Any CPU
		{7BC1A140-9FA7-444F-81B4-398EDB5C6B8F}.Release|Any CPU.ActiveCfg = Release|Any CPU
		{7BC1A140-9FA7-444F-81B4-398EDB5C6B8F}.Release|Any CPU.Build.0 = Release|Any CPU
		{7BC1A140-9FA7-444F-81B4-398EDB5C6B8F}.Release|x64.ActiveCfg = Release|Any CPU
		{7BC1A140-9FA7-444F-81B4-398EDB5C6B8F}.Release|x64.Build.0 = Release|Any CPU
		{7BC1A140-9FA7-444F-81B4-398EDB5C6B8F}.Release|x86.ActiveCfg = Release|Any CPU
		{7BC1A140-9FA7-444F-81B4-398EDB5C6B8F}.Release|x86.Build.0 = Release|Any CPU
		{85EBB962-EB6D-4F4D-B426-EEE384DA2304}.Debug|Any CPU.ActiveCfg = Debug|Any CPU
		{85EBB962-EB6D-4F4D-B426-EEE384DA2304}.Debug|Any CPU.Build.0 = Debug|Any CPU
		{85EBB962-EB6D-4F4D-B426-EEE384DA2304}.Debug|x64.ActiveCfg = Debug|Any CPU
		{85EBB962-EB6D-4F4D-B426-EEE384DA2304}.Debug|x64.Build.0 = Debug|Any CPU
		{85EBB962-EB6D-4F4D-B426-EEE384DA2304}.Debug|x86.ActiveCfg = Debug|Any CPU
		{85EBB962-EB6D-4F4D-B426-EEE384DA2304}.Debug|x86.Build.0 = Debug|Any CPU
		{85EBB962-EB6D-4F4D-B426-EEE384DA2304}.Release|Any CPU.ActiveCfg = Release|Any CPU
		{85EBB962-EB6D-4F4D-B426-EEE384DA2304}.Release|Any CPU.Build.0 = Release|Any CPU
		{85EBB962-EB6D-4F4D-B426-EEE384DA2304}.Release|x64.ActiveCfg = Release|Any CPU
		{85EBB962-EB6D-4F4D-B426-EEE384DA2304}.Release|x64.Build.0 = Release|Any CPU
		{85EBB962-EB6D-4F4D-B426-EEE384DA2304}.Release|x86.ActiveCfg = Release|Any CPU
		{85EBB962-EB6D-4F4D-B426-EEE384DA2304}.Release|x86.Build.0 = Release|Any CPU
		{EAFE21AC-D8CE-4A3E-A799-E35683C0CFAA}.Debug|Any CPU.ActiveCfg = Debug|Any CPU
		{EAFE21AC-D8CE-4A3E-A799-E35683C0CFAA}.Debug|Any CPU.Build.0 = Debug|Any CPU
		{EAFE21AC-D8CE-4A3E-A799-E35683C0CFAA}.Debug|x64.ActiveCfg = Debug|Any CPU
		{EAFE21AC-D8CE-4A3E-A799-E35683C0CFAA}.Debug|x64.Build.0 = Debug|Any CPU
		{EAFE21AC-D8CE-4A3E-A799-E35683C0CFAA}.Debug|x86.ActiveCfg = Debug|Any CPU
		{EAFE21AC-D8CE-4A3E-A799-E35683C0CFAA}.Debug|x86.Build.0 = Debug|Any CPU
		{EAFE21AC-D8CE-4A3E-A799-E35683C0CFAA}.Release|Any CPU.ActiveCfg = Release|Any CPU
		{EAFE21AC-D8CE-4A3E-A799-E35683C0CFAA}.Release|Any CPU.Build.0 = Release|Any CPU
		{EAFE21AC-D8CE-4A3E-A799-E35683C0CFAA}.Release|x64.ActiveCfg = Release|Any CPU
		{EAFE21AC-D8CE-4A3E-A799-E35683C0CFAA}.Release|x64.Build.0 = Release|Any CPU
		{EAFE21AC-D8CE-4A3E-A799-E35683C0CFAA}.Release|x86.ActiveCfg = Release|Any CPU
		{EAFE21AC-D8CE-4A3E-A799-E35683C0CFAA}.Release|x86.Build.0 = Release|Any CPU
		{68B01984-B447-47FD-8DC5-5F12EA361309}.Debug|Any CPU.ActiveCfg = Debug|Any CPU
		{68B01984-B447-47FD-8DC5-5F12EA361309}.Debug|Any CPU.Build.0 = Debug|Any CPU
		{68B01984-B447-47FD-8DC5-5F12EA361309}.Debug|x64.ActiveCfg = Debug|Any CPU
		{68B01984-B447-47FD-8DC5-5F12EA361309}.Debug|x64.Build.0 = Debug|Any CPU
		{68B01984-B447-47FD-8DC5-5F12EA361309}.Debug|x86.ActiveCfg = Debug|Any CPU
		{68B01984-B447-47FD-8DC5-5F12EA361309}.Debug|x86.Build.0 = Debug|Any CPU
		{68B01984-B447-47FD-8DC5-5F12EA361309}.Release|Any CPU.ActiveCfg = Release|Any CPU
		{68B01984-B447-47FD-8DC5-5F12EA361309}.Release|Any CPU.Build.0 = Release|Any CPU
		{68B01984-B447-47FD-8DC5-5F12EA361309}.Release|x64.ActiveCfg = Release|Any CPU
		{68B01984-B447-47FD-8DC5-5F12EA361309}.Release|x64.Build.0 = Release|Any CPU
		{68B01984-B447-47FD-8DC5-5F12EA361309}.Release|x86.ActiveCfg = Release|Any CPU
		{68B01984-B447-47FD-8DC5-5F12EA361309}.Release|x86.Build.0 = Release|Any CPU
		{98C1E58E-5DF5-43DC-9618-0B8C94FCF4B1}.Debug|Any CPU.ActiveCfg = Debug|Any CPU
		{98C1E58E-5DF5-43DC-9618-0B8C94FCF4B1}.Debug|Any CPU.Build.0 = Debug|Any CPU
		{98C1E58E-5DF5-43DC-9618-0B8C94FCF4B1}.Debug|x64.ActiveCfg = Debug|Any CPU
		{98C1E58E-5DF5-43DC-9618-0B8C94FCF4B1}.Debug|x64.Build.0 = Debug|Any CPU
		{98C1E58E-5DF5-43DC-9618-0B8C94FCF4B1}.Debug|x86.ActiveCfg = Debug|Any CPU
		{98C1E58E-5DF5-43DC-9618-0B8C94FCF4B1}.Debug|x86.Build.0 = Debug|Any CPU
		{98C1E58E-5DF5-43DC-9618-0B8C94FCF4B1}.Release|Any CPU.ActiveCfg = Release|Any CPU
		{98C1E58E-5DF5-43DC-9618-0B8C94FCF4B1}.Release|Any CPU.Build.0 = Release|Any CPU
		{98C1E58E-5DF5-43DC-9618-0B8C94FCF4B1}.Release|x64.ActiveCfg = Release|Any CPU
		{98C1E58E-5DF5-43DC-9618-0B8C94FCF4B1}.Release|x64.Build.0 = Release|Any CPU
		{98C1E58E-5DF5-43DC-9618-0B8C94FCF4B1}.Release|x86.ActiveCfg = Release|Any CPU
		{98C1E58E-5DF5-43DC-9618-0B8C94FCF4B1}.Release|x86.Build.0 = Release|Any CPU
		{1415A986-E780-4A71-A536-FEC1D083E0CC}.Debug|Any CPU.ActiveCfg = Debug|Any CPU
		{1415A986-E780-4A71-A536-FEC1D083E0CC}.Debug|Any CPU.Build.0 = Debug|Any CPU
		{1415A986-E780-4A71-A536-FEC1D083E0CC}.Debug|x64.ActiveCfg = Debug|Any CPU
		{1415A986-E780-4A71-A536-FEC1D083E0CC}.Debug|x64.Build.0 = Debug|Any CPU
		{1415A986-E780-4A71-A536-FEC1D083E0CC}.Debug|x86.ActiveCfg = Debug|Any CPU
		{1415A986-E780-4A71-A536-FEC1D083E0CC}.Debug|x86.Build.0 = Debug|Any CPU
		{1415A986-E780-4A71-A536-FEC1D083E0CC}.Release|Any CPU.ActiveCfg = Release|Any CPU
		{1415A986-E780-4A71-A536-FEC1D083E0CC}.Release|Any CPU.Build.0 = Release|Any CPU
		{1415A986-E780-4A71-A536-FEC1D083E0CC}.Release|x64.ActiveCfg = Release|Any CPU
		{1415A986-E780-4A71-A536-FEC1D083E0CC}.Release|x64.Build.0 = Release|Any CPU
		{1415A986-E780-4A71-A536-FEC1D083E0CC}.Release|x86.ActiveCfg = Release|Any CPU
		{1415A986-E780-4A71-A536-FEC1D083E0CC}.Release|x86.Build.0 = Release|Any CPU
		{0021D734-3A5D-420B-A0C6-F9F4F6910908}.Debug|Any CPU.ActiveCfg = Debug|Any CPU
		{0021D734-3A5D-420B-A0C6-F9F4F6910908}.Debug|Any CPU.Build.0 = Debug|Any CPU
		{0021D734-3A5D-420B-A0C6-F9F4F6910908}.Debug|x64.ActiveCfg = Debug|Any CPU
		{0021D734-3A5D-420B-A0C6-F9F4F6910908}.Debug|x64.Build.0 = Debug|Any CPU
		{0021D734-3A5D-420B-A0C6-F9F4F6910908}.Debug|x86.ActiveCfg = Debug|Any CPU
		{0021D734-3A5D-420B-A0C6-F9F4F6910908}.Debug|x86.Build.0 = Debug|Any CPU
		{0021D734-3A5D-420B-A0C6-F9F4F6910908}.Release|Any CPU.ActiveCfg = Release|Any CPU
		{0021D734-3A5D-420B-A0C6-F9F4F6910908}.Release|Any CPU.Build.0 = Release|Any CPU
		{0021D734-3A5D-420B-A0C6-F9F4F6910908}.Release|x64.ActiveCfg = Release|Any CPU
		{0021D734-3A5D-420B-A0C6-F9F4F6910908}.Release|x64.Build.0 = Release|Any CPU
		{0021D734-3A5D-420B-A0C6-F9F4F6910908}.Release|x86.ActiveCfg = Release|Any CPU
		{0021D734-3A5D-420B-A0C6-F9F4F6910908}.Release|x86.Build.0 = Release|Any CPU
		{285B5D82-2CA6-46DB-A5F3-F5B2757DC7C4}.Debug|Any CPU.ActiveCfg = Debug|Any CPU
		{285B5D82-2CA6-46DB-A5F3-F5B2757DC7C4}.Debug|Any CPU.Build.0 = Debug|Any CPU
		{285B5D82-2CA6-46DB-A5F3-F5B2757DC7C4}.Debug|x64.ActiveCfg = Debug|Any CPU
		{285B5D82-2CA6-46DB-A5F3-F5B2757DC7C4}.Debug|x64.Build.0 = Debug|Any CPU
		{285B5D82-2CA6-46DB-A5F3-F5B2757DC7C4}.Debug|x86.ActiveCfg = Debug|Any CPU
		{285B5D82-2CA6-46DB-A5F3-F5B2757DC7C4}.Debug|x86.Build.0 = Debug|Any CPU
		{285B5D82-2CA6-46DB-A5F3-F5B2757DC7C4}.Release|Any CPU.ActiveCfg = Release|Any CPU
		{285B5D82-2CA6-46DB-A5F3-F5B2757DC7C4}.Release|Any CPU.Build.0 = Release|Any CPU
		{285B5D82-2CA6-46DB-A5F3-F5B2757DC7C4}.Release|x64.ActiveCfg = Release|Any CPU
		{285B5D82-2CA6-46DB-A5F3-F5B2757DC7C4}.Release|x64.Build.0 = Release|Any CPU
		{285B5D82-2CA6-46DB-A5F3-F5B2757DC7C4}.Release|x86.ActiveCfg = Release|Any CPU
		{285B5D82-2CA6-46DB-A5F3-F5B2757DC7C4}.Release|x86.Build.0 = Release|Any CPU
		{4FEE3DFB-AF8D-410B-BC5B-75D3265CD933}.Debug|Any CPU.ActiveCfg = Debug|Any CPU
		{4FEE3DFB-AF8D-410B-BC5B-75D3265CD933}.Debug|Any CPU.Build.0 = Debug|Any CPU
		{4FEE3DFB-AF8D-410B-BC5B-75D3265CD933}.Debug|x64.ActiveCfg = Debug|Any CPU
		{4FEE3DFB-AF8D-410B-BC5B-75D3265CD933}.Debug|x64.Build.0 = Debug|Any CPU
		{4FEE3DFB-AF8D-410B-BC5B-75D3265CD933}.Debug|x86.ActiveCfg = Debug|Any CPU
		{4FEE3DFB-AF8D-410B-BC5B-75D3265CD933}.Debug|x86.Build.0 = Debug|Any CPU
		{4FEE3DFB-AF8D-410B-BC5B-75D3265CD933}.Release|Any CPU.ActiveCfg = Release|Any CPU
		{4FEE3DFB-AF8D-410B-BC5B-75D3265CD933}.Release|Any CPU.Build.0 = Release|Any CPU
		{4FEE3DFB-AF8D-410B-BC5B-75D3265CD933}.Release|x64.ActiveCfg = Release|Any CPU
		{4FEE3DFB-AF8D-410B-BC5B-75D3265CD933}.Release|x64.Build.0 = Release|Any CPU
		{4FEE3DFB-AF8D-410B-BC5B-75D3265CD933}.Release|x86.ActiveCfg = Release|Any CPU
		{4FEE3DFB-AF8D-410B-BC5B-75D3265CD933}.Release|x86.Build.0 = Release|Any CPU
		{B2952122-9F34-4819-9936-0F4C72C5DE63}.Debug|Any CPU.ActiveCfg = Debug|Any CPU
		{B2952122-9F34-4819-9936-0F4C72C5DE63}.Debug|Any CPU.Build.0 = Debug|Any CPU
		{B2952122-9F34-4819-9936-0F4C72C5DE63}.Debug|x64.ActiveCfg = Debug|Any CPU
		{B2952122-9F34-4819-9936-0F4C72C5DE63}.Debug|x64.Build.0 = Debug|Any CPU
		{B2952122-9F34-4819-9936-0F4C72C5DE63}.Debug|x86.ActiveCfg = Debug|Any CPU
		{B2952122-9F34-4819-9936-0F4C72C5DE63}.Debug|x86.Build.0 = Debug|Any CPU
		{B2952122-9F34-4819-9936-0F4C72C5DE63}.Release|Any CPU.ActiveCfg = Release|Any CPU
		{B2952122-9F34-4819-9936-0F4C72C5DE63}.Release|Any CPU.Build.0 = Release|Any CPU
		{B2952122-9F34-4819-9936-0F4C72C5DE63}.Release|x64.ActiveCfg = Release|Any CPU
		{B2952122-9F34-4819-9936-0F4C72C5DE63}.Release|x64.Build.0 = Release|Any CPU
		{B2952122-9F34-4819-9936-0F4C72C5DE63}.Release|x86.ActiveCfg = Release|Any CPU
		{B2952122-9F34-4819-9936-0F4C72C5DE63}.Release|x86.Build.0 = Release|Any CPU
		{DB6CB54D-AA28-4F45-A479-2756FA9D5555}.Debug|Any CPU.ActiveCfg = Debug|Any CPU
		{DB6CB54D-AA28-4F45-A479-2756FA9D5555}.Debug|Any CPU.Build.0 = Debug|Any CPU
		{DB6CB54D-AA28-4F45-A479-2756FA9D5555}.Debug|x64.ActiveCfg = Debug|Any CPU
		{DB6CB54D-AA28-4F45-A479-2756FA9D5555}.Debug|x64.Build.0 = Debug|Any CPU
		{DB6CB54D-AA28-4F45-A479-2756FA9D5555}.Debug|x86.ActiveCfg = Debug|Any CPU
		{DB6CB54D-AA28-4F45-A479-2756FA9D5555}.Debug|x86.Build.0 = Debug|Any CPU
		{DB6CB54D-AA28-4F45-A479-2756FA9D5555}.Release|Any CPU.ActiveCfg = Release|Any CPU
		{DB6CB54D-AA28-4F45-A479-2756FA9D5555}.Release|Any CPU.Build.0 = Release|Any CPU
		{DB6CB54D-AA28-4F45-A479-2756FA9D5555}.Release|x64.ActiveCfg = Release|Any CPU
		{DB6CB54D-AA28-4F45-A479-2756FA9D5555}.Release|x64.Build.0 = Release|Any CPU
		{DB6CB54D-AA28-4F45-A479-2756FA9D5555}.Release|x86.ActiveCfg = Release|Any CPU
		{DB6CB54D-AA28-4F45-A479-2756FA9D5555}.Release|x86.Build.0 = Release|Any CPU
		{19FA0AB9-D936-449E-9BA5-3ED4FCC8C225}.Debug|Any CPU.ActiveCfg = Debug|Any CPU
		{19FA0AB9-D936-449E-9BA5-3ED4FCC8C225}.Debug|Any CPU.Build.0 = Debug|Any CPU
		{19FA0AB9-D936-449E-9BA5-3ED4FCC8C225}.Debug|x64.ActiveCfg = Debug|Any CPU
		{19FA0AB9-D936-449E-9BA5-3ED4FCC8C225}.Debug|x64.Build.0 = Debug|Any CPU
		{19FA0AB9-D936-449E-9BA5-3ED4FCC8C225}.Debug|x86.ActiveCfg = Debug|Any CPU
		{19FA0AB9-D936-449E-9BA5-3ED4FCC8C225}.Debug|x86.Build.0 = Debug|Any CPU
		{19FA0AB9-D936-449E-9BA5-3ED4FCC8C225}.Release|Any CPU.ActiveCfg = Release|Any CPU
		{19FA0AB9-D936-449E-9BA5-3ED4FCC8C225}.Release|Any CPU.Build.0 = Release|Any CPU
		{19FA0AB9-D936-449E-9BA5-3ED4FCC8C225}.Release|x64.ActiveCfg = Release|Any CPU
		{19FA0AB9-D936-449E-9BA5-3ED4FCC8C225}.Release|x64.Build.0 = Release|Any CPU
		{19FA0AB9-D936-449E-9BA5-3ED4FCC8C225}.Release|x86.ActiveCfg = Release|Any CPU
		{19FA0AB9-D936-449E-9BA5-3ED4FCC8C225}.Release|x86.Build.0 = Release|Any CPU
		{4A480723-E8EE-4FA4-AC94-29E4E75BB96B}.Debug|Any CPU.ActiveCfg = Debug|Any CPU
		{4A480723-E8EE-4FA4-AC94-29E4E75BB96B}.Debug|Any CPU.Build.0 = Debug|Any CPU
		{4A480723-E8EE-4FA4-AC94-29E4E75BB96B}.Debug|x64.ActiveCfg = Debug|Any CPU
		{4A480723-E8EE-4FA4-AC94-29E4E75BB96B}.Debug|x64.Build.0 = Debug|Any CPU
		{4A480723-E8EE-4FA4-AC94-29E4E75BB96B}.Debug|x86.ActiveCfg = Debug|Any CPU
		{4A480723-E8EE-4FA4-AC94-29E4E75BB96B}.Debug|x86.Build.0 = Debug|Any CPU
		{4A480723-E8EE-4FA4-AC94-29E4E75BB96B}.Release|Any CPU.ActiveCfg = Release|Any CPU
		{4A480723-E8EE-4FA4-AC94-29E4E75BB96B}.Release|Any CPU.Build.0 = Release|Any CPU
		{4A480723-E8EE-4FA4-AC94-29E4E75BB96B}.Release|x64.ActiveCfg = Release|Any CPU
		{4A480723-E8EE-4FA4-AC94-29E4E75BB96B}.Release|x64.Build.0 = Release|Any CPU
		{4A480723-E8EE-4FA4-AC94-29E4E75BB96B}.Release|x86.ActiveCfg = Release|Any CPU
		{4A480723-E8EE-4FA4-AC94-29E4E75BB96B}.Release|x86.Build.0 = Release|Any CPU
		{9F8A1BF0-3EDC-49FB-96AD-5FD8183D66D4}.Debug|Any CPU.ActiveCfg = Debug|Any CPU
		{9F8A1BF0-3EDC-49FB-96AD-5FD8183D66D4}.Debug|Any CPU.Build.0 = Debug|Any CPU
		{9F8A1BF0-3EDC-49FB-96AD-5FD8183D66D4}.Debug|x64.ActiveCfg = Debug|Any CPU
		{9F8A1BF0-3EDC-49FB-96AD-5FD8183D66D4}.Debug|x64.Build.0 = Debug|Any CPU
		{9F8A1BF0-3EDC-49FB-96AD-5FD8183D66D4}.Debug|x86.ActiveCfg = Debug|Any CPU
		{9F8A1BF0-3EDC-49FB-96AD-5FD8183D66D4}.Debug|x86.Build.0 = Debug|Any CPU
		{9F8A1BF0-3EDC-49FB-96AD-5FD8183D66D4}.Release|Any CPU.ActiveCfg = Release|Any CPU
		{9F8A1BF0-3EDC-49FB-96AD-5FD8183D66D4}.Release|Any CPU.Build.0 = Release|Any CPU
		{9F8A1BF0-3EDC-49FB-96AD-5FD8183D66D4}.Release|x64.ActiveCfg = Release|Any CPU
		{9F8A1BF0-3EDC-49FB-96AD-5FD8183D66D4}.Release|x64.Build.0 = Release|Any CPU
		{9F8A1BF0-3EDC-49FB-96AD-5FD8183D66D4}.Release|x86.ActiveCfg = Release|Any CPU
		{9F8A1BF0-3EDC-49FB-96AD-5FD8183D66D4}.Release|x86.Build.0 = Release|Any CPU
		{668E2F2F-64B1-4219-90E9-601CFD104D8C}.Debug|Any CPU.ActiveCfg = Debug|Any CPU
		{668E2F2F-64B1-4219-90E9-601CFD104D8C}.Debug|Any CPU.Build.0 = Debug|Any CPU
		{668E2F2F-64B1-4219-90E9-601CFD104D8C}.Debug|x64.ActiveCfg = Debug|Any CPU
		{668E2F2F-64B1-4219-90E9-601CFD104D8C}.Debug|x64.Build.0 = Debug|Any CPU
		{668E2F2F-64B1-4219-90E9-601CFD104D8C}.Debug|x86.ActiveCfg = Debug|Any CPU
		{668E2F2F-64B1-4219-90E9-601CFD104D8C}.Debug|x86.Build.0 = Debug|Any CPU
		{668E2F2F-64B1-4219-90E9-601CFD104D8C}.Release|Any CPU.ActiveCfg = Release|Any CPU
		{668E2F2F-64B1-4219-90E9-601CFD104D8C}.Release|Any CPU.Build.0 = Release|Any CPU
		{668E2F2F-64B1-4219-90E9-601CFD104D8C}.Release|x64.ActiveCfg = Release|Any CPU
		{668E2F2F-64B1-4219-90E9-601CFD104D8C}.Release|x64.Build.0 = Release|Any CPU
		{668E2F2F-64B1-4219-90E9-601CFD104D8C}.Release|x86.ActiveCfg = Release|Any CPU
		{668E2F2F-64B1-4219-90E9-601CFD104D8C}.Release|x86.Build.0 = Release|Any CPU
	EndGlobalSection
	GlobalSection(SolutionProperties) = preSolution
		HideSolutionNode = FALSE
	EndGlobalSection
	GlobalSection(NestedProjects) = preSolution
		{33C3AC11-D058-4953-B7CF-D8A3B13DA895} = {F6B1647C-7349-B0FF-4920-3CCD5A62CE69}
		{7BC1A140-9FA7-444F-81B4-398EDB5C6B8F} = {F6B1647C-7349-B0FF-4920-3CCD5A62CE69}
		{85EBB962-EB6D-4F4D-B426-EEE384DA2304} = {F6B1647C-7349-B0FF-4920-3CCD5A62CE69}
		{EAFE21AC-D8CE-4A3E-A799-E35683C0CFAA} = {F6B1647C-7349-B0FF-4920-3CCD5A62CE69}
		{68B01984-B447-47FD-8DC5-5F12EA361309} = {F6B1647C-7349-B0FF-4920-3CCD5A62CE69}
		{98C1E58E-5DF5-43DC-9618-0B8C94FCF4B1} = {F6B1647C-7349-B0FF-4920-3CCD5A62CE69}
		{1415A986-E780-4A71-A536-FEC1D083E0CC} = {F6B1647C-7349-B0FF-4920-3CCD5A62CE69}
		{4FEE3DFB-AF8D-410B-BC5B-75D3265CD933} = {DFEE68D8-A7D0-1A41-506C-9B74AA9A7B7B}
		{B2952122-9F34-4819-9936-0F4C72C5DE63} = {DFEE68D8-A7D0-1A41-506C-9B74AA9A7B7B}
		{DB6CB54D-AA28-4F45-A479-2756FA9D5555} = {DFEE68D8-A7D0-1A41-506C-9B74AA9A7B7B}
		{19FA0AB9-D936-449E-9BA5-3ED4FCC8C225} = {DFEE68D8-A7D0-1A41-506C-9B74AA9A7B7B}
		{4A480723-E8EE-4FA4-AC94-29E4E75BB96B} = {DFEE68D8-A7D0-1A41-506C-9B74AA9A7B7B}
		{9F8A1BF0-3EDC-49FB-96AD-5FD8183D66D4} = {DFEE68D8-A7D0-1A41-506C-9B74AA9A7B7B}
		{668E2F2F-64B1-4219-90E9-601CFD104D8C} = {DFEE68D8-A7D0-1A41-506C-9B74AA9A7B7B}
	EndGlobalSection
EndGlobal
